
Microsoft Visual Studio Solution File, Format Version 12.00
# Visual Studio 15
VisualStudioVersion = 15.0.27004.2005
MinimumVisualStudioVersion = 10.0.40219.1
Project("{FAE04EC0-301F-11D3-BF4B-00C04F79EFBC}") = "Captcha", "Captcha\Captcha.csproj", "{EA6F25A8-825A-470A-9332-850253A4C693}"
EndProject
Global
	GlobalSection(SolutionConfigurationPlatforms) = preSolution
		Debug|Any CPU = Debug|Any CPU
		Release|Any CPU = Release|Any CPU
	EndGlobalSection
	GlobalSection(ProjectConfigurationPlatforms) = postSolution
		{EA6F25A8-825A-470A-9332-850253A4C693}.Debug|Any CPU.ActiveCfg = Debug|Any CPU
		{EA6F25A8-825A-470A-9332-850253A4C693}.Debug|Any CPU.Build.0 = Debug|Any CPU
		{EA6F25A8-825A-470A-9332-850253A4C693}.Release|Any CPU.ActiveCfg = Release|Any CPU
		{EA6F25A8-825A-470A-9332-850253A4C693}.Release|Any CPU.Build.0 = Release|Any CPU
	EndGlobalSection
	GlobalSection(SolutionProperties) = preSolution
		HideSolutionNode = FALSE
	EndGlobalSection
	GlobalSection(ExtensibilityGlobals) = postSolution
		SolutionGuid = {D449D60B-7FF2-461C-A031-07051A4A24D7}
	EndGlobalSection
EndGlobal
